{
  "name": "output",
  "version": "2.0.1",
  "lockfileVersion": 3,
  "requires": true,
  "packages": {
    "": {
      "name": "output",
      "version": "2.0.1",
      "license": "ISC",
      "dependencies": {
        "chalk": "^5.4.1",
        "progress": "^2.0.3"
      }
    },
    "node_modules/chalk": {
      "version": "5.4.1",
      "resolved": "https://registry.npmjs.org/chalk/-/chalk-5.4.1.tgz",
      "integrity": "sha512-zgVZuo2WcZgfUEmsn6eO3kINexW8RAE4maiQ8QNs8CtpPCSyMiYsULR3HQYkm3w8FIA3SberyMJMSldGsW+U3w==",
      "engines": {
        "node": "^12.17.0 || ^14.13 || >=16.0.0"
      },
      "funding": {
        "url": "https://github.com/chalk/chalk?sponsor=1"
      }
    },
    "node_modules/progress": {
      "version": "2.0.3",
      "resolved": "https://registry.npmjs.org/progress/-/progress-2.0.3.tgz",
      "integrity": "sha512-7PiHtLll5LdnKIMw100I+8xJXR5gW2QwWYkT6iJva0bXitZKa/XMrSbdmg3r2Xnaidz9Qumd0VPaMrZlF9V9sA==",
      "engines": {
        "node": ">=0.4.0"
      }
    }
  }
}
